// !$*UTF8*$!
{
	archiveVersion = 1;
	classes = {
	};
	objectVersion = 50;
	objects = {

/* Begin PBXBuildFile section */
		B94DAEAD235D924C0076BCD4 /* AppDelegate.swift in Sources */ = {isa = PBXBuildFile; fileRef = B94DAEAC235D924C0076BCD4 /* AppDelegate.swift */; };
		B94DAEAF235D924C0076BCD4 /* SceneDelegate.swift in Sources */ = {isa = PBXBuildFile; fileRef = B94DAEAE235D924C0076BCD4 /* SceneDelegate.swift */; };
		B94DAEB4235D924C0076BCD4 /* Main.storyboard in Resources */ = {isa = PBXBuildFile; fileRef = B94DAEB2235D924C0076BCD4 /* Main.storyboard */; };
		B94DAEB6235D92500076BCD4 /* Assets.xcassets in Resources */ = {isa = PBXBuildFile; fileRef = B94DAEB5235D92500076BCD4 /* Assets.xcassets */; };
		B94DAEB9235D92500076BCD4 /* LaunchScreen.storyboard in Resources */ = {isa = PBXBuildFile; fileRef = B94DAEB7235D92500076BCD4 /* LaunchScreen.storyboard */; };
		B95F7CA923608D9F0053EA74 /* VectorUtils.swift in Sources */ = {isa = PBXBuildFile; fileRef = B95F7CA823608D9F0053EA74 /* VectorUtils.swift */; };
		B95F7CAB236167270053EA74 /* CalculatorViewController.swift in Sources */ = {isa = PBXBuildFile; fileRef = B95F7CAA236167270053EA74 /* CalculatorViewController.swift */; };
		B95F7CB3236167BC0053EA74 /* TrackingGroup.swift in Sources */ = {isa = PBXBuildFile; fileRef = B95F7CAD236167BC0053EA74 /* TrackingGroup.swift */; };
		B95F7CB4236167BC0053EA74 /* TrackingTextView.swift in Sources */ = {isa = PBXBuildFile; fileRef = B95F7CAE236167BC0053EA74 /* TrackingTextView.swift */; };
		B95F7CB5236167BC0053EA74 /* TrackableWidget.swift in Sources */ = {isa = PBXBuildFile; fileRef = B95F7CAF236167BC0053EA74 /* TrackableWidget.swift */; };
		B95F7CB6236167BC0053EA74 /* TrackingEngine.swift in Sources */ = {isa = PBXBuildFile; fileRef = B95F7CB0236167BC0053EA74 /* TrackingEngine.swift */; };
		B95F7CB7236167BC0053EA74 /* TrackingView.swift in Sources */ = {isa = PBXBuildFile; fileRef = B95F7CB1236167BC0053EA74 /* TrackingView.swift */; };
		B95F7CB8236167BC0053EA74 /* TrackingButton.swift in Sources */ = {isa = PBXBuildFile; fileRef = B95F7CB2236167BC0053EA74 /* TrackingButton.swift */; };
		B95F7CBD23616D700053EA74 /* CircularAnimatable.swift in Sources */ = {isa = PBXBuildFile; fileRef = B95F7CBA23616D700053EA74 /* CircularAnimatable.swift */; };
		B95F7CBE23616D700053EA74 /* ExpandingAnimatable.swift in Sources */ = {isa = PBXBuildFile; fileRef = B95F7CBB23616D700053EA74 /* ExpandingAnimatable.swift */; };
		B95F7CBF23616D700053EA74 /* AnimatingState.swift in Sources */ = {isa = PBXBuildFile; fileRef = B95F7CBC23616D700053EA74 /* AnimatingState.swift */; };
		B95F7CC123616DD20053EA74 /* UIView+Utilities.swift in Sources */ = {isa = PBXBuildFile; fileRef = B95F7CC023616DD10053EA74 /* UIView+Utilities.swift */; };
		B95F7CC323616E0C0053EA74 /* CoreGraphics+Utilities.swift in Sources */ = {isa = PBXBuildFile; fileRef = B95F7CC223616E0C0053EA74 /* CoreGraphics+Utilities.swift */; };
		B9E9C36F236058E4007CB816 /* IntersectionUtilities.swift in Sources */ = {isa = PBXBuildFile; fileRef = B9E9C368236058E2007CB816 /* IntersectionUtilities.swift */; };
		B9E9C370236058E4007CB816 /* SCNVector3+Extensions.swift in Sources */ = {isa = PBXBuildFile; fileRef = B9E9C369236058E3007CB816 /* SCNVector3+Extensions.swift */; };
		B9E9C371236058E4007CB816 /* SCNVector4+Extensions.swift in Sources */ = {isa = PBXBuildFile; fileRef = B9E9C36A236058E3007CB816 /* SCNVector4+Extensions.swift */; };
		B9E9C372236058E4007CB816 /* IntersectionPointNode.swift in Sources */ = {isa = PBXBuildFile; fileRef = B9E9C36C236058E3007CB816 /* IntersectionPointNode.swift */; };
		B9E9C373236058E4007CB816 /* FaceNode.swift in Sources */ = {isa = PBXBuildFile; fileRef = B9E9C36D236058E3007CB816 /* FaceNode.swift */; };
		B9E9C374236058E4007CB816 /* LineSegment.swift in Sources */ = {isa = PBXBuildFile; fileRef = B9E9C36E236058E3007CB816 /* LineSegment.swift */; };
		B9E9C3792360591C007CB816 /* TrackingMethod.swift in Sources */ = {isa = PBXBuildFile; fileRef = B9E9C3762360591C007CB816 /* TrackingMethod.swift */; };
		B9E9C37A2360591C007CB816 /* LookAtDirectionIntersectionMethod.swift in Sources */ = {isa = PBXBuildFile; fileRef = B9E9C3772360591C007CB816 /* LookAtDirectionIntersectionMethod.swift */; };
		B9E9C37B2360591C007CB816 /* HeadDirectionIntersectionMethod.swift in Sources */ = {isa = PBXBuildFile; fileRef = B9E9C3782360591C007CB816 /* HeadDirectionIntersectionMethod.swift */; };
		B9E9C3832360593C007CB816 /* QuadrilateralTrackingRegion.swift in Sources */ = {isa = PBXBuildFile; fileRef = B9E9C37E2360593B007CB816 /* QuadrilateralTrackingRegion.swift */; };
		B9E9C3842360593C007CB816 /* Quadrilateral.swift in Sources */ = {isa = PBXBuildFile; fileRef = B9E9C37F2360593B007CB816 /* Quadrilateral.swift */; };
		B9E9C3852360593C007CB816 /* QuadrilateralInterpolator.swift in Sources */ = {isa = PBXBuildFile; fileRef = B9E9C3802360593B007CB816 /* QuadrilateralInterpolator.swift */; };
		B9E9C3862360593C007CB816 /* TrackingRegion.swift in Sources */ = {isa = PBXBuildFile; fileRef = B9E9C3812360593B007CB816 /* TrackingRegion.swift */; };
		B9E9C3872360593C007CB816 /* RectangleTrackingRegion.swift in Sources */ = {isa = PBXBuildFile; fileRef = B9E9C3822360593B007CB816 /* RectangleTrackingRegion.swift */; };
		B9E9C3892360594F007CB816 /* TrackingNode.swift in Sources */ = {isa = PBXBuildFile; fileRef = B9E9C3882360594F007CB816 /* TrackingNode.swift */; };
		B9E9C39723605AC0007CB816 /* FixedQueue.swift in Sources */ = {isa = PBXBuildFile; fileRef = B9E9C39623605ABF007CB816 /* FixedQueue.swift */; };
		B9E9C39A23605BA2007CB816 /* Bounded.swift in Sources */ = {isa = PBXBuildFile; fileRef = B9E9C39923605BA1007CB816 /* Bounded.swift */; };
		B9E9C39C23605C81007CB816 /* ClosedRange+UnitSpace.swift in Sources */ = {isa = PBXBuildFile; fileRef = B9E9C39B23605C7F007CB816 /* ClosedRange+UnitSpace.swift */; };
		B9F672DE236025CF00D4F33D /* EyeState.swift in Sources */ = {isa = PBXBuildFile; fileRef = B9F672DD236025CF00D4F33D /* EyeState.swift */; };
		B9F672E02360263B00D4F33D /* FaceGestureEngine.swift in Sources */ = {isa = PBXBuildFile; fileRef = B9F672DF2360263B00D4F33D /* FaceGestureEngine.swift */; };
		B9F672E22360267600D4F33D /* FaceGesture.swift in Sources */ = {isa = PBXBuildFile; fileRef = B9F672E12360267600D4F33D /* FaceGesture.swift */; };
		B9F672E4236026A900D4F33D /* BlinkGesture.swift in Sources */ = {isa = PBXBuildFile; fileRef = B9F672E3236026A900D4F33D /* BlinkGesture.swift */; };
		B9F672E6236026DC00D4F33D /* EyesBlinkGesture.swift in Sources */ = {isa = PBXBuildFile; fileRef = B9F672E5236026DC00D4F33D /* EyesBlinkGesture.swift */; };
		B9F672E92360572400D4F33D /* ScreenTrackingViewController.swift in Sources */ = {isa = PBXBuildFile; fileRef = B9F672E82360572400D4F33D /* ScreenTrackingViewController.swift */; };
		B9F672F1236057C400D4F33D /* TrackingConfiguration.swift in Sources */ = {isa = PBXBuildFile; fileRef = B9F672EA236057C200D4F33D /* TrackingConfiguration.swift */; };
		B9F672F3236057C400D4F33D /* Constants.swift in Sources */ = {isa = PBXBuildFile; fileRef = B9F672EC236057C300D4F33D /* Constants.swift */; };
		B9F672F5236057C400D4F33D /* ScreenTrackingViewControllerDelegate.swift in Sources */ = {isa = PBXBuildFile; fileRef = B9F672EE236057C300D4F33D /* ScreenTrackingViewControllerDelegate.swift */; };
		B9F672F7236057C400D4F33D /* TrackingType.swift in Sources */ = {isa = PBXBuildFile; fileRef = B9F672F0236057C400D4F33D /* TrackingType.swift */; };
/* End PBXBuildFile section */

/* Begin PBXFileReference section */
		B94DAEA9235D924C0076BCD4 /* Calculator.app */ = {isa = PBXFileReference; explicitFileType = wrapper.application; includeInIndex = 0; path = Calculator.app; sourceTree = BUILT_PRODUCTS_DIR; };
		B94DAEAC235D924C0076BCD4 /* AppDelegate.swift */ = {isa = PBXFileReference; lastKnownFileType = sourcecode.swift; path = AppDelegate.swift; sourceTree = "<group>"; };
		B94DAEAE235D924C0076BCD4 /* SceneDelegate.swift */ = {isa = PBXFileReference; lastKnownFileType = sourcecode.swift; path = SceneDelegate.swift; sourceTree = "<group>"; };
		B94DAEB3235D924C0076BCD4 /* Base */ = {isa = PBXFileReference; lastKnownFileType = file.storyboard; name = Base; path = Base.lproj/Main.storyboard; sourceTree = "<group>"; };
		B94DAEB5235D92500076BCD4 /* Assets.xcassets */ = {isa = PBXFileReference; lastKnownFileType = folder.assetcatalog; path = Assets.xcassets; sourceTree = "<group>"; };
		B94DAEB8235D92500076BCD4 /* Base */ = {isa = PBXFileReference; lastKnownFileType = file.storyboard; name = Base; path = Base.lproj/LaunchScreen.storyboard; sourceTree = "<group>"; };
		B94DAEBA235D92500076BCD4 /* Info.plist */ = {isa = PBXFileReference; lastKnownFileType = text.plist.xml; path = Info.plist; sourceTree = "<group>"; };
		B95F7CA823608D9F0053EA74 /* VectorUtils.swift */ = {isa = PBXFileReference; fileEncoding = 4; lastKnownFileType = sourcecode.swift; path = VectorUtils.swift; sourceTree = "<group>"; };
		B95F7CAA236167270053EA74 /* CalculatorViewController.swift */ = {isa = PBXFileReference; lastKnownFileType = sourcecode.swift; path = CalculatorViewController.swift; sourceTree = "<group>"; };
		B95F7CAD236167BC0053EA74 /* TrackingGroup.swift */ = {isa = PBXFileReference; fileEncoding = 4; lastKnownFileType = sourcecode.swift; path = TrackingGroup.swift; sourceTree = "<group>"; };
		B95F7CAE236167BC0053EA74 /* TrackingTextView.swift */ = {isa = PBXFileReference; fileEncoding = 4; lastKnownFileType = sourcecode.swift; path = TrackingTextView.swift; sourceTree = "<group>"; };
		B95F7CAF236167BC0053EA74 /* TrackableWidget.swift */ = {isa = PBXFileReference; fileEncoding = 4; lastKnownFileType = sourcecode.swift; path = TrackableWidget.swift; sourceTree = "<group>"; };
		B95F7CB0236167BC0053EA74 /* TrackingEngine.swift */ = {isa = PBXFileReference; fileEncoding = 4; lastKnownFileType = sourcecode.swift; path = TrackingEngine.swift; sourceTree = "<group>"; };
		B95F7CB1236167BC0053EA74 /* TrackingView.swift */ = {isa = PBXFileReference; fileEncoding = 4; lastKnownFileType = sourcecode.swift; path = TrackingView.swift; sourceTree = "<group>"; };
		B95F7CB2236167BC0053EA74 /* TrackingButton.swift */ = {isa = PBXFileReference; fileEncoding = 4; lastKnownFileType = sourcecode.swift; path = TrackingButton.swift; sourceTree = "<group>"; };
		B95F7CBA23616D700053EA74 /* CircularAnimatable.swift */ = {isa = PBXFileReference; fileEncoding = 4; lastKnownFileType = sourcecode.swift; path = CircularAnimatable.swift; sourceTree = "<group>"; };
		B95F7CBB23616D700053EA74 /* ExpandingAnimatable.swift */ = {isa = PBXFileReference; fileEncoding = 4; lastKnownFileType = sourcecode.swift; path = ExpandingAnimatable.swift; sourceTree = "<group>"; };
		B95F7CBC23616D700053EA74 /* AnimatingState.swift */ = {isa = PBXFileReference; fileEncoding = 4; lastKnownFileType = sourcecode.swift; path = AnimatingState.swift; sourceTree = "<group>"; };
		B95F7CC023616DD10053EA74 /* UIView+Utilities.swift */ = {isa = PBXFileReference; fileEncoding = 4; lastKnownFileType = sourcecode.swift; path = "UIView+Utilities.swift"; sourceTree = "<group>"; };
		B95F7CC223616E0C0053EA74 /* CoreGraphics+Utilities.swift */ = {isa = PBXFileReference; fileEncoding = 4; lastKnownFileType = sourcecode.swift; path = "CoreGraphics+Utilities.swift"; sourceTree = "<group>"; };
		B9E9C368236058E2007CB816 /* IntersectionUtilities.swift */ = {isa = PBXFileReference; fileEncoding = 4; lastKnownFileType = sourcecode.swift; name = IntersectionUtilities.swift; path = SceneKit/IntersectionUtilities.swift; sourceTree = "<group>"; };
		B9E9C369236058E3007CB816 /* SCNVector3+Extensions.swift */ = {isa = PBXFileReference; fileEncoding = 4; lastKnownFileType = sourcecode.swift; name = "SCNVector3+Extensions.swift"; path = "SceneKit/SCNVector3+Extensions.swift"; sourceTree = "<group>"; };
		B9E9C36A236058E3007CB816 /* SCNVector4+Extensions.swift */ = {isa = PBXFileReference; fileEncoding = 4; lastKnownFileType = sourcecode.swift; name = "SCNVector4+Extensions.swift"; path = "SceneKit/SCNVector4+Extensions.swift"; sourceTree = "<group>"; };
		B9E9C36C236058E3007CB816 /* IntersectionPointNode.swift */ = {isa = PBXFileReference; fileEncoding = 4; lastKnownFileType = sourcecode.swift; path = IntersectionPointNode.swift; sourceTree = "<group>"; };
		B9E9C36D236058E3007CB816 /* FaceNode.swift */ = {isa = PBXFileReference; fileEncoding = 4; lastKnownFileType = sourcecode.swift; path = FaceNode.swift; sourceTree = "<group>"; };
		B9E9C36E236058E3007CB816 /* LineSegment.swift */ = {isa = PBXFileReference; fileEncoding = 4; lastKnownFileType = sourcecode.swift; name = LineSegment.swift; path = SceneKit/LineSegment.swift; sourceTree = "<group>"; };
		B9E9C3762360591C007CB816 /* TrackingMethod.swift */ = {isa = PBXFileReference; fileEncoding = 4; lastKnownFileType = sourcecode.swift; path = TrackingMethod.swift; sourceTree = "<group>"; };
		B9E9C3772360591C007CB816 /* LookAtDirectionIntersectionMethod.swift */ = {isa = PBXFileReference; fileEncoding = 4; lastKnownFileType = sourcecode.swift; path = LookAtDirectionIntersectionMethod.swift; sourceTree = "<group>"; };
		B9E9C3782360591C007CB816 /* HeadDirectionIntersectionMethod.swift */ = {isa = PBXFileReference; fileEncoding = 4; lastKnownFileType = sourcecode.swift; path = HeadDirectionIntersectionMethod.swift; sourceTree = "<group>"; };
		B9E9C37E2360593B007CB816 /* QuadrilateralTrackingRegion.swift */ = {isa = PBXFileReference; fileEncoding = 4; lastKnownFileType = sourcecode.swift; path = QuadrilateralTrackingRegion.swift; sourceTree = "<group>"; };
		B9E9C37F2360593B007CB816 /* Quadrilateral.swift */ = {isa = PBXFileReference; fileEncoding = 4; lastKnownFileType = sourcecode.swift; path = Quadrilateral.swift; sourceTree = "<group>"; };
		B9E9C3802360593B007CB816 /* QuadrilateralInterpolator.swift */ = {isa = PBXFileReference; fileEncoding = 4; lastKnownFileType = sourcecode.swift; path = QuadrilateralInterpolator.swift; sourceTree = "<group>"; };
		B9E9C3812360593B007CB816 /* TrackingRegion.swift */ = {isa = PBXFileReference; fileEncoding = 4; lastKnownFileType = sourcecode.swift; path = TrackingRegion.swift; sourceTree = "<group>"; };
		B9E9C3822360593B007CB816 /* RectangleTrackingRegion.swift */ = {isa = PBXFileReference; fileEncoding = 4; lastKnownFileType = sourcecode.swift; path = RectangleTrackingRegion.swift; sourceTree = "<group>"; };
		B9E9C3882360594F007CB816 /* TrackingNode.swift */ = {isa = PBXFileReference; fileEncoding = 4; lastKnownFileType = sourcecode.swift; name = TrackingNode.swift; path = SceneKit/TrackingNode.swift; sourceTree = "<group>"; };
		B9E9C39623605ABF007CB816 /* FixedQueue.swift */ = {isa = PBXFileReference; fileEncoding = 4; lastKnownFileType = sourcecode.swift; path = FixedQueue.swift; sourceTree = "<group>"; };
		B9E9C39923605BA1007CB816 /* Bounded.swift */ = {isa = PBXFileReference; fileEncoding = 4; lastKnownFileType = sourcecode.swift; path = Bounded.swift; sourceTree = "<group>"; };
		B9E9C39B23605C7F007CB816 /* ClosedRange+UnitSpace.swift */ = {isa = PBXFileReference; fileEncoding = 4; lastKnownFileType = sourcecode.swift; path = "ClosedRange+UnitSpace.swift"; sourceTree = "<group>"; };
		B9F672DD236025CF00D4F33D /* EyeState.swift */ = {isa = PBXFileReference; lastKnownFileType = sourcecode.swift; path = EyeState.swift; sourceTree = "<group>"; };
		B9F672DF2360263B00D4F33D /* FaceGestureEngine.swift */ = {isa = PBXFileReference; lastKnownFileType = sourcecode.swift; path = FaceGestureEngine.swift; sourceTree = "<group>"; };
		B9F672E12360267600D4F33D /* FaceGesture.swift */ = {isa = PBXFileReference; lastKnownFileType = sourcecode.swift; path = FaceGesture.swift; sourceTree = "<group>"; };
		B9F672E3236026A900D4F33D /* BlinkGesture.swift */ = {isa = PBXFileReference; lastKnownFileType = sourcecode.swift; path = BlinkGesture.swift; sourceTree = "<group>"; };
		B9F672E5236026DC00D4F33D /* EyesBlinkGesture.swift */ = {isa = PBXFileReference; lastKnownFileType = sourcecode.swift; path = EyesBlinkGesture.swift; sourceTree = "<group>"; };
		B9F672E82360572400D4F33D /* ScreenTrackingViewController.swift */ = {isa = PBXFileReference; lastKnownFileType = sourcecode.swift; path = ScreenTrackingViewController.swift; sourceTree = "<group>"; };
		B9F672EA236057C200D4F33D /* TrackingConfiguration.swift */ = {isa = PBXFileReference; fileEncoding = 4; lastKnownFileType = sourcecode.swift; path = TrackingConfiguration.swift; sourceTree = "<group>"; };
		B9F672EC236057C300D4F33D /* Constants.swift */ = {isa = PBXFileReference; fileEncoding = 4; lastKnownFileType = sourcecode.swift; path = Constants.swift; sourceTree = "<group>"; };
		B9F672EE236057C300D4F33D /* ScreenTrackingViewControllerDelegate.swift */ = {isa = PBXFileReference; fileEncoding = 4; lastKnownFileType = sourcecode.swift; path = ScreenTrackingViewControllerDelegate.swift; sourceTree = "<group>"; };
		B9F672F0236057C400D4F33D /* TrackingType.swift */ = {isa = PBXFileReference; fileEncoding = 4; lastKnownFileType = sourcecode.swift; path = TrackingType.swift; sourceTree = "<group>"; };
/* End PBXFileReference section */

/* Begin PBXFrameworksBuildPhase section */
		B94DAEA6235D924C0076BCD4 /* Frameworks */ = {
			isa = PBXFrameworksBuildPhase;
			buildActionMask = 2147483647;
			files = (
			);
			runOnlyForDeploymentPostprocessing = 0;
		};
/* End PBXFrameworksBuildPhase section */

/* Begin PBXGroup section */
		B94DAEA0235D924C0076BCD4 = {
			isa = PBXGroup;
			children = (
				B94DAEAB235D924C0076BCD4 /* Calculator */,
				B94DAEAA235D924C0076BCD4 /* Products */,
			);
			sourceTree = "<group>";
		};
		B94DAEAA235D924C0076BCD4 /* Products */ = {
			isa = PBXGroup;
			children = (
				B94DAEA9235D924C0076BCD4 /* Calculator.app */,
			);
			name = Products;
			sourceTree = "<group>";
		};
		B94DAEAB235D924C0076BCD4 /* Calculator */ = {
			isa = PBXGroup;
			children = (
				B95F7CB923616D700053EA74 /* Animations */,
				B95F7CAC2361677C0053EA74 /* Components */,
				B9E9C39823605BA1007CB816 /* Extensions */,
				B9E9C39523605ABF007CB816 /* Utilities */,
				B9F672E7236056F000D4F33D /* ScreenTrackingViewController */,
				B9F672DC236025A900D4F33D /* Gestures */,
				B94DAEAC235D924C0076BCD4 /* AppDelegate.swift */,
				B94DAEAE235D924C0076BCD4 /* SceneDelegate.swift */,
				B94DAEB2235D924C0076BCD4 /* Main.storyboard */,
				B94DAEB5235D92500076BCD4 /* Assets.xcassets */,
				B94DAEB7235D92500076BCD4 /* LaunchScreen.storyboard */,
				B94DAEBA235D92500076BCD4 /* Info.plist */,
				B95F7CAA236167270053EA74 /* CalculatorViewController.swift */,
			);
			path = Calculator;
			sourceTree = "<group>";
		};
		B95F7CAC2361677C0053EA74 /* Components */ = {
			isa = PBXGroup;
			children = (
				B95F7CAF236167BC0053EA74 /* TrackableWidget.swift */,
				B95F7CB2236167BC0053EA74 /* TrackingButton.swift */,
				B95F7CB0236167BC0053EA74 /* TrackingEngine.swift */,
				B95F7CAD236167BC0053EA74 /* TrackingGroup.swift */,
				B95F7CAE236167BC0053EA74 /* TrackingTextView.swift */,
				B95F7CB1236167BC0053EA74 /* TrackingView.swift */,
			);
			path = Components;
			sourceTree = "<group>";
		};
		B95F7CB923616D700053EA74 /* Animations */ = {
			isa = PBXGroup;
			children = (
				B95F7CBA23616D700053EA74 /* CircularAnimatable.swift */,
				B95F7CBB23616D700053EA74 /* ExpandingAnimatable.swift */,
				B95F7CBC23616D700053EA74 /* AnimatingState.swift */,
			);
			path = Animations;
			sourceTree = "<group>";
		};
		B9E9C36B236058E3007CB816 /* Debug Visualization */ = {
			isa = PBXGroup;
			children = (
				B9E9C36C236058E3007CB816 /* IntersectionPointNode.swift */,
				B9E9C36D236058E3007CB816 /* FaceNode.swift */,
			);
			name = "Debug Visualization";
			path = "SceneKit/Debug Visualization";
			sourceTree = "<group>";
		};
		B9E9C3752360591C007CB816 /* Tracking Methods */ = {
			isa = PBXGroup;
			children = (
				B9E9C3762360591C007CB816 /* TrackingMethod.swift */,
				B9E9C3772360591C007CB816 /* LookAtDirectionIntersectionMethod.swift */,
				B9E9C3782360591C007CB816 /* HeadDirectionIntersectionMethod.swift */,
			);
			path = "Tracking Methods";
			sourceTree = "<group>";
		};
		B9E9C37C2360593B007CB816 /* Tracking Regions */ = {
			isa = PBXGroup;
			children = (
				B9E9C37D2360593B007CB816 /* QuadrilateralTrackingRegion */,
				B9E9C3812360593B007CB816 /* TrackingRegion.swift */,
				B9E9C3822360593B007CB816 /* RectangleTrackingRegion.swift */,
			);
			path = "Tracking Regions";
			sourceTree = "<group>";
		};
		B9E9C37D2360593B007CB816 /* QuadrilateralTrackingRegion */ = {
			isa = PBXGroup;
			children = (
				B9E9C37E2360593B007CB816 /* QuadrilateralTrackingRegion.swift */,
				B9E9C37F2360593B007CB816 /* Quadrilateral.swift */,
				B9E9C3802360593B007CB816 /* QuadrilateralInterpolator.swift */,
			);
			path = QuadrilateralTrackingRegion;
			sourceTree = "<group>";
		};
		B9E9C39523605ABF007CB816 /* Utilities */ = {
			isa = PBXGroup;
			children = (
				B9E9C39623605ABF007CB816 /* FixedQueue.swift */,
			);
			path = Utilities;
			sourceTree = "<group>";
		};
		B9E9C39823605BA1007CB816 /* Extensions */ = {
			isa = PBXGroup;
			children = (
				B95F7CC223616E0C0053EA74 /* CoreGraphics+Utilities.swift */,
				B95F7CC023616DD10053EA74 /* UIView+Utilities.swift */,
				B95F7CA823608D9F0053EA74 /* VectorUtils.swift */,
				B9E9C39B23605C7F007CB816 /* ClosedRange+UnitSpace.swift */,
				B9E9C39923605BA1007CB816 /* Bounded.swift */,
			);
			path = Extensions;
			sourceTree = "<group>";
		};
		B9F672DC236025A900D4F33D /* Gestures */ = {
			isa = PBXGroup;
			children = (
				B9F672DD236025CF00D4F33D /* EyeState.swift */,
				B9F672DF2360263B00D4F33D /* FaceGestureEngine.swift */,
				B9F672E12360267600D4F33D /* FaceGesture.swift */,
				B9F672E3236026A900D4F33D /* BlinkGesture.swift */,
				B9F672E5236026DC00D4F33D /* EyesBlinkGesture.swift */,
			);
			path = Gestures;
			sourceTree = "<group>";
		};
		B9F672E7236056F000D4F33D /* ScreenTrackingViewController */ = {
			isa = PBXGroup;
			children = (
				B9E9C37C2360593B007CB816 /* Tracking Regions */,
				B9E9C3752360591C007CB816 /* Tracking Methods */,
				B9F672F92360580A00D4F33D /* SceneKit */,
				B9F672EC236057C300D4F33D /* Constants.swift */,
				B9F672EE236057C300D4F33D /* ScreenTrackingViewControllerDelegate.swift */,
				B9F672EA236057C200D4F33D /* TrackingConfiguration.swift */,
				B9F672F0236057C400D4F33D /* TrackingType.swift */,
				B9F672E82360572400D4F33D /* ScreenTrackingViewController.swift */,
			);
			path = ScreenTrackingViewController;
			sourceTree = "<group>";
		};
		B9F672F92360580A00D4F33D /* SceneKit */ = {
			isa = PBXGroup;
			children = (
				B9E9C3882360594F007CB816 /* TrackingNode.swift */,
				B9E9C36B236058E3007CB816 /* Debug Visualization */,
				B9E9C368236058E2007CB816 /* IntersectionUtilities.swift */,
				B9E9C36E236058E3007CB816 /* LineSegment.swift */,
				B9E9C369236058E3007CB816 /* SCNVector3+Extensions.swift */,
				B9E9C36A236058E3007CB816 /* SCNVector4+Extensions.swift */,
			);
			name = SceneKit;
			sourceTree = "<group>";
		};
/* End PBXGroup section */

/* Begin PBXNativeTarget section */
		B94DAEA8235D924C0076BCD4 /* Calculator */ = {
			isa = PBXNativeTarget;
			buildConfigurationList = B94DAEBD235D92500076BCD4 /* Build configuration list for PBXNativeTarget "Calculator" */;
			buildPhases = (
				B94DAEA5235D924C0076BCD4 /* Sources */,
				B94DAEA6235D924C0076BCD4 /* Frameworks */,
				B94DAEA7235D924C0076BCD4 /* Resources */,
			);
			buildRules = (
			);
			dependencies = (
			);
			name = Calculator;
			productName = Calculator;
			productReference = B94DAEA9235D924C0076BCD4 /* Calculator.app */;
			productType = "com.apple.product-type.application";
		};
/* End PBXNativeTarget section */

/* Begin PBXProject section */
		B94DAEA1235D924C0076BCD4 /* Project object */ = {
			isa = PBXProject;
			attributes = {
				LastSwiftUpdateCheck = 1110;
				LastUpgradeCheck = 1110;
				ORGANIZATIONNAME = "Invention Labs";
				TargetAttributes = {
					B94DAEA8235D924C0076BCD4 = {
						CreatedOnToolsVersion = 11.1;
					};
				};
			};
			buildConfigurationList = B94DAEA4235D924C0076BCD4 /* Build configuration list for PBXProject "Calculator" */;
			compatibilityVersion = "Xcode 9.3";
			developmentRegion = en;
			hasScannedForEncodings = 0;
			knownRegions = (
				en,
				Base,
			);
			mainGroup = B94DAEA0235D924C0076BCD4;
			productRefGroup = B94DAEAA235D924C0076BCD4 /* Products */;
			projectDirPath = "";
			projectRoot = "";
			targets = (
				B94DAEA8235D924C0076BCD4 /* Calculator */,
			);
		};
/* End PBXProject section */

/* Begin PBXResourcesBuildPhase section */
		B94DAEA7235D924C0076BCD4 /* Resources */ = {
			isa = PBXResourcesBuildPhase;
			buildActionMask = 2147483647;
			files = (
				B94DAEB9235D92500076BCD4 /* LaunchScreen.storyboard in Resources */,
				B94DAEB6235D92500076BCD4 /* Assets.xcassets in Resources */,
				B94DAEB4235D924C0076BCD4 /* Main.storyboard in Resources */,
			);
			runOnlyForDeploymentPostprocessing = 0;
		};
/* End PBXResourcesBuildPhase section */

/* Begin PBXSourcesBuildPhase section */
		B94DAEA5235D924C0076BCD4 /* Sources */ = {
			isa = PBXSourcesBuildPhase;
			buildActionMask = 2147483647;
			files = (
				B9F672F7236057C400D4F33D /* TrackingType.swift in Sources */,
				B95F7CC123616DD20053EA74 /* UIView+Utilities.swift in Sources */,
				B9E9C3842360593C007CB816 /* Quadrilateral.swift in Sources */,
				B9E9C373236058E4007CB816 /* FaceNode.swift in Sources */,
				B9F672F3236057C400D4F33D /* Constants.swift in Sources */,
				B95F7CB7236167BC0053EA74 /* TrackingView.swift in Sources */,
				B9E9C36F236058E4007CB816 /* IntersectionUtilities.swift in Sources */,
				B95F7CB6236167BC0053EA74 /* TrackingEngine.swift in Sources */,
				B95F7CBF23616D700053EA74 /* AnimatingState.swift in Sources */,
				B9E9C370236058E4007CB816 /* SCNVector3+Extensions.swift in Sources */,
				B9F672DE236025CF00D4F33D /* EyeState.swift in Sources */,
				B95F7CB3236167BC0053EA74 /* TrackingGroup.swift in Sources */,
				B9E9C37B2360591C007CB816 /* HeadDirectionIntersectionMethod.swift in Sources */,
				B94DAEAD235D924C0076BCD4 /* AppDelegate.swift in Sources */,
				B9F672E02360263B00D4F33D /* FaceGestureEngine.swift in Sources */,
				B95F7CBD23616D700053EA74 /* CircularAnimatable.swift in Sources */,
				B9E9C39A23605BA2007CB816 /* Bounded.swift in Sources */,
				B9F672E4236026A900D4F33D /* BlinkGesture.swift in Sources */,
				B95F7CAB236167270053EA74 /* CalculatorViewController.swift in Sources */,
				B95F7CC323616E0C0053EA74 /* CoreGraphics+Utilities.swift in Sources */,
				B9F672E22360267600D4F33D /* FaceGesture.swift in Sources */,
				B9E9C3792360591C007CB816 /* TrackingMethod.swift in Sources */,
				B95F7CB5236167BC0053EA74 /* TrackableWidget.swift in Sources */,
				B9F672E92360572400D4F33D /* ScreenTrackingViewController.swift in Sources */,
				B95F7CA923608D9F0053EA74 /* VectorUtils.swift in Sources */,
				B9F672F1236057C400D4F33D /* TrackingConfiguration.swift in Sources */,
				B9E9C39723605AC0007CB816 /* FixedQueue.swift in Sources */,
				B9E9C371236058E4007CB816 /* SCNVector4+Extensions.swift in Sources */,
				B95F7CB8236167BC0053EA74 /* TrackingButton.swift in Sources */,
				B9E9C3852360593C007CB816 /* QuadrilateralInterpolator.swift in Sources */,
				B95F7CB4236167BC0053EA74 /* TrackingTextView.swift in Sources */,
				B9E9C3892360594F007CB816 /* TrackingNode.swift in Sources */,
				B95F7CBE23616D700053EA74 /* ExpandingAnimatable.swift in Sources */,
				B9E9C3832360593C007CB816 /* QuadrilateralTrackingRegion.swift in Sources */,
				B9F672E6236026DC00D4F33D /* EyesBlinkGesture.swift in Sources */,
				B9E9C3872360593C007CB816 /* RectangleTrackingRegion.swift in Sources */,
				B9E9C3862360593C007CB816 /* TrackingRegion.swift in Sources */,
				B9E9C39C23605C81007CB816 /* ClosedRange+UnitSpace.swift in Sources */,
				B9F672F5236057C400D4F33D /* ScreenTrackingViewControllerDelegate.swift in Sources */,
				B9E9C374236058E4007CB816 /* LineSegment.swift in Sources */,
				B9E9C37A2360591C007CB816 /* LookAtDirectionIntersectionMethod.swift in Sources */,
				B94DAEAF235D924C0076BCD4 /* SceneDelegate.swift in Sources */,
				B9E9C372236058E4007CB816 /* IntersectionPointNode.swift in Sources */,
			);
			runOnlyForDeploymentPostprocessing = 0;
		};
/* End PBXSourcesBuildPhase section */

/* Begin PBXVariantGroup section */
		B94DAEB2235D924C0076BCD4 /* Main.storyboard */ = {
			isa = PBXVariantGroup;
			children = (
				B94DAEB3235D924C0076BCD4 /* Base */,
			);
			name = Main.storyboard;
			sourceTree = "<group>";
		};
		B94DAEB7235D92500076BCD4 /* LaunchScreen.storyboard */ = {
			isa = PBXVariantGroup;
			children = (
				B94DAEB8235D92500076BCD4 /* Base */,
			);
			name = LaunchScreen.storyboard;
			sourceTree = "<group>";
		};
/* End PBXVariantGroup section */

/* Begin XCBuildConfiguration section */
		B94DAEBB235D92500076BCD4 /* Debug */ = {
			isa = XCBuildConfiguration;
			buildSettings = {
				ALWAYS_SEARCH_USER_PATHS = NO;
				CLANG_ANALYZER_NONNULL = YES;
				CLANG_ANALYZER_NUMBER_OBJECT_CONVERSION = YES_AGGRESSIVE;
				CLANG_CXX_LANGUAGE_STANDARD = "gnu++14";
				CLANG_CXX_LIBRARY = "libc++";
				CLANG_ENABLE_MODULES = YES;
				CLANG_ENABLE_OBJC_ARC = YES;
				CLANG_ENABLE_OBJC_WEAK = YES;
				CLANG_WARN_BLOCK_CAPTURE_AUTORELEASING = YES;
				CLANG_WARN_BOOL_CONVERSION = YES;
				CLANG_WARN_COMMA = YES;
				CLANG_WARN_CONSTANT_CONVERSION = YES;
				CLANG_WARN_DEPRECATED_OBJC_IMPLEMENTATIONS = YES;
				CLANG_WARN_DIRECT_OBJC_ISA_USAGE = YES_ERROR;
				CLANG_WARN_DOCUMENTATION_COMMENTS = YES;
				CLANG_WARN_EMPTY_BODY = YES;
				CLANG_WARN_ENUM_CONVERSION = YES;
				CLANG_WARN_INFINITE_RECURSION = YES;
				CLANG_WARN_INT_CONVERSION = YES;
				CLANG_WARN_NON_LITERAL_NULL_CONVERSION = YES;
				CLANG_WARN_OBJC_IMPLICIT_RETAIN_SELF = YES;
				CLANG_WARN_OBJC_LITERAL_CONVERSION = YES;
				CLANG_WARN_OBJC_ROOT_CLASS = YES_ERROR;
				CLANG_WARN_RANGE_LOOP_ANALYSIS = YES;
				CLANG_WARN_STRICT_PROTOTYPES = YES;
				CLANG_WARN_SUSPICIOUS_MOVE = YES;
				CLANG_WARN_UNGUARDED_AVAILABILITY = YES_AGGRESSIVE;
				CLANG_WARN_UNREACHABLE_CODE = YES;
				CLANG_WARN__DUPLICATE_METHOD_MATCH = YES;
				COPY_PHASE_STRIP = NO;
				DEBUG_INFORMATION_FORMAT = dwarf;
				ENABLE_STRICT_OBJC_MSGSEND = YES;
				ENABLE_TESTABILITY = YES;
				GCC_C_LANGUAGE_STANDARD = gnu11;
				GCC_DYNAMIC_NO_PIC = NO;
				GCC_NO_COMMON_BLOCKS = YES;
				GCC_OPTIMIZATION_LEVEL = 0;
				GCC_PREPROCESSOR_DEFINITIONS = (
					"DEBUG=1",
					"$(inherited)",
				);
				GCC_WARN_64_TO_32_BIT_CONVERSION = YES;
				GCC_WARN_ABOUT_RETURN_TYPE = YES_ERROR;
				GCC_WARN_UNDECLARED_SELECTOR = YES;
				GCC_WARN_UNINITIALIZED_AUTOS = YES_AGGRESSIVE;
				GCC_WARN_UNUSED_FUNCTION = YES;
				GCC_WARN_UNUSED_VARIABLE = YES;
				IPHONEOS_DEPLOYMENT_TARGET = 13.1;
				MTL_ENABLE_DEBUG_INFO = INCLUDE_SOURCE;
				MTL_FAST_MATH = YES;
				ONLY_ACTIVE_ARCH = YES;
				SDKROOT = iphoneos;
				SWIFT_ACTIVE_COMPILATION_CONDITIONS = DEBUG;
				SWIFT_OPTIMIZATION_LEVEL = "-Onone";
			};
			name = Debug;
		};
		B94DAEBC235D92500076BCD4 /* Release */ = {
			isa = XCBuildConfiguration;
			buildSettings = {
				ALWAYS_SEARCH_USER_PATHS = NO;
				CLANG_ANALYZER_NONNULL = YES;
				CLANG_ANALYZER_NUMBER_OBJECT_CONVERSION = YES_AGGRESSIVE;
				CLANG_CXX_LANGUAGE_STANDARD = "gnu++14";
				CLANG_CXX_LIBRARY = "libc++";
				CLANG_ENABLE_MODULES = YES;
				CLANG_ENABLE_OBJC_ARC = YES;
				CLANG_ENABLE_OBJC_WEAK = YES;
				CLANG_WARN_BLOCK_CAPTURE_AUTORELEASING = YES;
				CLANG_WARN_BOOL_CONVERSION = YES;
				CLANG_WARN_COMMA = YES;
				CLANG_WARN_CONSTANT_CONVERSION = YES;
				CLANG_WARN_DEPRECATED_OBJC_IMPLEMENTATIONS = YES;
				CLANG_WARN_DIRECT_OBJC_ISA_USAGE = YES_ERROR;
				CLANG_WARN_DOCUMENTATION_COMMENTS = YES;
				CLANG_WARN_EMPTY_BODY = YES;
				CLANG_WARN_ENUM_CONVERSION = YES;
				CLANG_WARN_INFINITE_RECURSION = YES;
				CLANG_WARN_INT_CONVERSION = YES;
				CLANG_WARN_NON_LITERAL_NULL_CONVERSION = YES;
				CLANG_WARN_OBJC_IMPLICIT_RETAIN_SELF = YES;
				CLANG_WARN_OBJC_LITERAL_CONVERSION = YES;
				CLANG_WARN_OBJC_ROOT_CLASS = YES_ERROR;
				CLANG_WARN_RANGE_LOOP_ANALYSIS = YES;
				CLANG_WARN_STRICT_PROTOTYPES = YES;
				CLANG_WARN_SUSPICIOUS_MOVE = YES;
				CLANG_WARN_UNGUARDED_AVAILABILITY = YES_AGGRESSIVE;
				CLANG_WARN_UNREACHABLE_CODE = YES;
				CLANG_WARN__DUPLICATE_METHOD_MATCH = YES;
				COPY_PHASE_STRIP = NO;
				DEBUG_INFORMATION_FORMAT = "dwarf-with-dsym";
				ENABLE_NS_ASSERTIONS = NO;
				ENABLE_STRICT_OBJC_MSGSEND = YES;
				GCC_C_LANGUAGE_STANDARD = gnu11;
				GCC_NO_COMMON_BLOCKS = YES;
				GCC_WARN_64_TO_32_BIT_CONVERSION = YES;
				GCC_WARN_ABOUT_RETURN_TYPE = YES_ERROR;
				GCC_WARN_UNDECLARED_SELECTOR = YES;
				GCC_WARN_UNINITIALIZED_AUTOS = YES_AGGRESSIVE;
				GCC_WARN_UNUSED_FUNCTION = YES;
				GCC_WARN_UNUSED_VARIABLE = YES;
				IPHONEOS_DEPLOYMENT_TARGET = 13.1;
				MTL_ENABLE_DEBUG_INFO = NO;
				MTL_FAST_MATH = YES;
				SDKROOT = iphoneos;
				SWIFT_COMPILATION_MODE = wholemodule;
				SWIFT_OPTIMIZATION_LEVEL = "-O";
				VALIDATE_PRODUCT = YES;
			};
			name = Release;
		};
		B94DAEBE235D92500076BCD4 /* Debug */ = {
			isa = XCBuildConfiguration;
			buildSettings = {
				ASSETCATALOG_COMPILER_APPICON_NAME = AppIcon;
				CODE_SIGN_STYLE = Automatic;
				DEVELOPMENT_TEAM = TKEC973HF7;
				INFOPLIST_FILE = Calculator/Info.plist;
				LD_RUNPATH_SEARCH_PATHS = (
					"$(inherited)",
					"@executable_path/Frameworks",
				);
				PRODUCT_BUNDLE_IDENTIFIER = com.test.il.Calculator;
				PRODUCT_NAME = "$(TARGET_NAME)";
				SWIFT_VERSION = 5.0;
				TARGETED_DEVICE_FAMILY = "1,2";
			};
			name = Debug;
		};
		B94DAEBF235D92500076BCD4 /* Release */ = {
			isa = XCBuildConfiguration;
			buildSettings = {
				ASSETCATALOG_COMPILER_APPICON_NAME = AppIcon;
				CODE_SIGN_STYLE = Automatic;
				DEVELOPMENT_TEAM = TKEC973HF7;
				INFOPLIST_FILE = Calculator/Info.plist;
				LD_RUNPATH_SEARCH_PATHS = (
					"$(inherited)",
					"@executable_path/Frameworks",
				);
				PRODUCT_BUNDLE_IDENTIFIER = com.test.il.Calculator;
				PRODUCT_NAME = "$(TARGET_NAME)";
				SWIFT_VERSION = 5.0;
				TARGETED_DEVICE_FAMILY = "1,2";
			};
			name = Release;
		};
/* End XCBuildConfiguration section */

/* Begin XCConfigurationList section */
		B94DAEA4235D924C0076BCD4 /* Build configuration list for PBXProject "Calculator" */ = {
			isa = XCConfigurationList;
			buildConfigurations = (
				B94DAEBB235D92500076BCD4 /* Debug */,
				B94DAEBC235D92500076BCD4 /* Release */,
			);
			defaultConfigurationIsVisible = 0;
			defaultConfigurationName = Release;
		};
		B94DAEBD235D92500076BCD4 /* Build configuration list for PBXNativeTarget "Calculator" */ = {
			isa = XCConfigurationList;
			buildConfigurations = (
				B94DAEBE235D92500076BCD4 /* Debug */,
				B94DAEBF235D92500076BCD4 /* Release */,
			);
			defaultConfigurationIsVisible = 0;
			defaultConfigurationName = Release;
		};
/* End XCConfigurationList section */
	};
	rootObject = B94DAEA1235D924C0076BCD4 /* Project object */;
}
